
Microsoft Visual Studio Solution File, Format Version 12.00
# Visual Studio Version 16
VisualStudioVersion = 16.0.30621.155
MinimumVisualStudioVersion = 10.0.40219.1
Project("{FAE04EC0-301F-11D3-BF4B-00C04F79EFBC}") = "ApiResources", "ApiResources.csproj", "{60BC4E6B-7686-415A-9469-C69CE00D228F}"
EndProject
Project("{FAE04EC0-301F-11D3-BF4B-00C04F79EFBC}") = "SwaggerPetStoreApi", "..\SwaggerPetStoreApi\SwaggerPetStoreApi.csproj", "{DF30F6F2-FDC5-45BE-BD5D-AD23AC4D61C7}"
EndProject
Global
	GlobalSection(SolutionConfigurationPlatforms) = preSolution
		Debug|Any CPU = Debug|Any CPU
		Release|Any CPU = Release|Any CPU
	EndGlobalSection
	GlobalSection(ProjectConfigurationPlatforms) = postSolution
		{60BC4E6B-7686-415A-9469-C69CE00D228F}.Debug|Any CPU.ActiveCfg = Debug|Any CPU
		{60BC4E6B-7686-415A-9469-C69CE00D228F}.Debug|Any CPU.Build.0 = Debug|Any CPU
		{60BC4E6B-7686-415A-9469-C69CE00D228F}.Release|Any CPU.ActiveCfg = Release|Any CPU
		{60BC4E6B-7686-415A-9469-C69CE00D228F}.Release|Any CPU.Build.0 = Release|Any CPU
		{DF30F6F2-FDC5-45BE-BD5D-AD23AC4D61C7}.Debug|Any CPU.ActiveCfg = Debug|Any CPU
		{DF30F6F2-FDC5-45BE-BD5D-AD23AC4D61C7}.Debug|Any CPU.Build.0 = Debug|Any CPU
		{DF30F6F2-FDC5-45BE-BD5D-AD23AC4D61C7}.Release|Any CPU.ActiveCfg = Release|Any CPU
		{DF30F6F2-FDC5-45BE-BD5D-AD23AC4D61C7}.Release|Any CPU.Build.0 = Release|Any CPU
	EndGlobalSection
	GlobalSection(SolutionProperties) = preSolution
		HideSolutionNode = FALSE
	EndGlobalSection
	GlobalSection(ExtensibilityGlobals) = postSolution
		SolutionGuid = {8D336900-04C9-4141-8255-DDCD2A98C121}
	EndGlobalSection
EndGlobal
